
Microsoft Visual Studio Solution File, Format Version 12.00
# Visual Studio 15
VisualStudioVersion = 15.0.26403.0
MinimumVisualStudioVersion = 10.0.40219.1
Project("{FAE04EC0-301F-11D3-BF4B-00C04F79EFBC}") = "Match Full NameLAB", "Match Full Name\Match Full NameLAB.csproj", "{4741C070-FFDA-41CA-9058-F816F72B3FE4}"
EndProject
Project("{FAE04EC0-301F-11D3-BF4B-00C04F79EFBC}") = "01. Cards", "01. Cards\01. Cards.csproj", "{31280B31-E820-423A-8B90-E1A5CD27A36D}"
EndProject
Project("{FAE04EC0-301F-11D3-BF4B-00C04F79EFBC}") = "02. Fish Statistics", "02. Fish Statistics\02. Fish Statistics.csproj", "{DFBCE53D-9B2E-47D4-919B-A9D75327F8D5}"
EndProject
Project("{FAE04EC0-301F-11D3-BF4B-00C04F79EFBC}") = "03. Word Encounter", "03. Word Encounter\03. Word Encounter.csproj", "{34ABACFC-0067-4E6D-BA17-AF2E23D71749}"
EndProject
Global
	GlobalSection(SolutionConfigurationPlatforms) = preSolution
		Debug|Any CPU = Debug|Any CPU
		Release|Any CPU = Release|Any CPU
	EndGlobalSection
	GlobalSection(ProjectConfigurationPlatforms) = postSolution
		{4741C070-FFDA-41CA-9058-F816F72B3FE4}.Debug|Any CPU.ActiveCfg = Debug|Any CPU
		{4741C070-FFDA-41CA-9058-F816F72B3FE4}.Debug|Any CPU.Build.0 = Debug|Any CPU
		{4741C070-FFDA-41CA-9058-F816F72B3FE4}.Release|Any CPU.ActiveCfg = Release|Any CPU
		{4741C070-FFDA-41CA-9058-F816F72B3FE4}.Release|Any CPU.Build.0 = Release|Any CPU
		{31280B31-E820-423A-8B90-E1A5CD27A36D}.Debug|Any CPU.ActiveCfg = Debug|Any CPU
		{31280B31-E820-423A-8B90-E1A5CD27A36D}.Debug|Any CPU.Build.0 = Debug|Any CPU
		{31280B31-E820-423A-8B90-E1A5CD27A36D}.Release|Any CPU.ActiveCfg = Release|Any CPU
		{31280B31-E820-423A-8B90-E1A5CD27A36D}.Release|Any CPU.Build.0 = Release|Any CPU
		{DFBCE53D-9B2E-47D4-919B-A9D75327F8D5}.Debug|Any CPU.ActiveCfg = Debug|Any CPU
		{DFBCE53D-9B2E-47D4-919B-A9D75327F8D5}.Debug|Any CPU.Build.0 = Debug|Any CPU
		{DFBCE53D-9B2E-47D4-919B-A9D75327F8D5}.Release|Any CPU.ActiveCfg = Release|Any CPU
		{DFBCE53D-9B2E-47D4-919B-A9D75327F8D5}.Release|Any CPU.Build.0 = Release|Any CPU
		{34ABACFC-0067-4E6D-BA17-AF2E23D71749}.Debug|Any CPU.ActiveCfg = Debug|Any CPU
		{34ABACFC-0067-4E6D-BA17-AF2E23D71749}.Debug|Any CPU.Build.0 = Debug|Any CPU
		{34ABACFC-0067-4E6D-BA17-AF2E23D71749}.Release|Any CPU.ActiveCfg = Release|Any CPU
		{34ABACFC-0067-4E6D-BA17-AF2E23D71749}.Release|Any CPU.Build.0 = Release|Any CPU
	EndGlobalSection
	GlobalSection(SolutionProperties) = preSolution
		HideSolutionNode = FALSE
	EndGlobalSection
EndGlobal
